
Microsoft Visual Studio Solution File, Format Version 12.00
# Visual Studio 2015
Project("{FAE04EC0-301F-11D3-BF4B-00C04F79EFBC}") = "creepytracker.Plugins", "creepytracker.Plugins.csproj", "{66BF06C9-8D86-19A3-78DF-B872B92FE36C}"
EndProject
Project("{FAE04EC0-301F-11D3-BF4B-00C04F79EFBC}") = "creepytracker", "creepytracker.csproj", "{15BAF592-E391-224A-F217-A35022ED6B99}"
EndProject
Project("{FAE04EC0-301F-11D3-BF4B-00C04F79EFBC}") = "creepytracker.Editor.Plugins", "creepytracker.Editor.Plugins.csproj", "{55610630-97F1-3B7C-B17F-04FFC14F3466}"
EndProject
Global
	GlobalSection(SolutionConfigurationPlatforms) = preSolution
		Debug|Any CPU = Debug|Any CPU
		Release|Any CPU = Release|Any CPU
	EndGlobalSection
	GlobalSection(ProjectConfigurationPlatforms) = postSolution
		{66BF06C9-8D86-19A3-78DF-B872B92FE36C}.Debug|Any CPU.ActiveCfg = Debug|Any CPU
		{66BF06C9-8D86-19A3-78DF-B872B92FE36C}.Debug|Any CPU.Build.0 = Debug|Any CPU
		{66BF06C9-8D86-19A3-78DF-B872B92FE36C}.Release|Any CPU.ActiveCfg = Release|Any CPU
		{66BF06C9-8D86-19A3-78DF-B872B92FE36C}.Release|Any CPU.Build.0 = Release|Any CPU
		{15BAF592-E391-224A-F217-A35022ED6B99}.Debug|Any CPU.ActiveCfg = Debug|Any CPU
		{15BAF592-E391-224A-F217-A35022ED6B99}.Debug|Any CPU.Build.0 = Debug|Any CPU
		{15BAF592-E391-224A-F217-A35022ED6B99}.Release|Any CPU.ActiveCfg = Release|Any CPU
		{15BAF592-E391-224A-F217-A35022ED6B99}.Release|Any CPU.Build.0 = Release|Any CPU
		{55610630-97F1-3B7C-B17F-04FFC14F3466}.Debug|Any CPU.ActiveCfg = Debug|Any CPU
		{55610630-97F1-3B7C-B17F-04FFC14F3466}.Debug|Any CPU.Build.0 = Debug|Any CPU
		{55610630-97F1-3B7C-B17F-04FFC14F3466}.Release|Any CPU.ActiveCfg = Release|Any CPU
		{55610630-97F1-3B7C-B17F-04FFC14F3466}.Release|Any CPU.Build.0 = Release|Any CPU
	EndGlobalSection
	GlobalSection(SolutionProperties) = preSolution
		HideSolutionNode = FALSE
	EndGlobalSection
EndGlobal
